
Microsoft Visual Studio Solution File, Format Version 12.00
# Visual Studio Version 16
VisualStudioVersion = 16.0.31729.503
MinimumVisualStudioVersion = 10.0.40219.1
Project("{FAE04EC0-301F-11D3-BF4B-00C04F79EFBC}") = "MiniCactpot", "MiniCactpot.csproj", "{73AFA6DB-E066-4A1F-BB3A-CC249D32C1E4}"
EndProject
Global
	GlobalSection(SolutionConfigurationPlatforms) = preSolution
		Debug|Any CPU = Debug|Any CPU
		Release|Any CPU = Release|Any CPU
	EndGlobalSection
	GlobalSection(ProjectConfigurationPlatforms) = postSolution
		{73AFA6DB-E066-4A1F-BB3A-CC249D32C1E4}.Debug|Any CPU.ActiveCfg = Debug|Any CPU
		{73AFA6DB-E066-4A1F-BB3A-CC249D32C1E4}.Debug|Any CPU.Build.0 = Debug|Any CPU
		{73AFA6DB-E066-4A1F-BB3A-CC249D32C1E4}.Release|Any CPU.ActiveCfg = Release|Any CPU
		{73AFA6DB-E066-4A1F-BB3A-CC249D32C1E4}.Release|Any CPU.Build.0 = Release|Any CPU
	EndGlobalSection
	GlobalSection(SolutionProperties) = preSolution
		HideSolutionNode = FALSE
	EndGlobalSection
	GlobalSection(ExtensibilityGlobals) = postSolution
		SolutionGuid = {72D61DDF-EA69-4A6B-8853-35754FFA1308}
	EndGlobalSection
EndGlobal
